# Captured from the running production containers on 2026-08-30.
# This lock is intentionally a human-readable audit record.  The canonical
# Compose file is the executable source of truth and uses these references.
service	image_id	immutable_reference
api_gateway	sha256:3085764c2366f16120c7737fe3bbe9768db8d9fed85cf8750ce592742ff1bfa7	ssf-backend-api_gateway:prod-d4d1feb
asr	sha256:ddf4fa94cf2b1a77e73a21b4a2774dab2a871f7e0b7be9f922443a8cf8e00e3d	ssf-backend-asr:prod-e409a06
translation	sha256:ef77cc91908eded8e09bd13c799f459227a7cdb6292c6e9ef0c21b8df819d09f	ssf-backend-translation:prod-e409a06
tts	sha256:19cab612eb39439c277d89865f2826ec226676fb34058648e92c64da5dff47e5	ssf-backend-tts:prod-e409a06
frontend	sha256:cceb333f09f6cdb5af75ffb3a70c568b5e55140e4caa49d898de0dd269bb16fe	ssf-backend-frontend:prod-d4d1feb
frontend-archive	sha256:5fe65474631a5f74c4ea81a5881ade417809f9c5905b593c6cc2d2699e50686d	ssf-backend-frontend-archive:prod-e409a06
keycloak	sha256:d2b5957b314175678f3ff359122eabaad262d2db426cd9b5acf7799ab2067d65	ssf-keycloak:prod-e409a06
traefik	sha256:76de233753150da70cde36a5d845c231d408a041b6fcf5a36f924c1322bd98fd	traefik@sha256:ca0f90490fe3091f5f4e582a28638652edb3b26b4d7a1d9ee621ce88fb2bff86
ollama	sha256:edd5fde06b3f61a0c2de426ea87ea0491101f3bfa3f27b2b997ef6f4624199b2	ollama/ollama@sha256:57f573b47f1f71ebb445789f279fe3e596a8beab182f7cf486db9205bad87c5a
redis	sha256:5f703438f575677037751d8350dc8ca2b8a1075655247757048c8a86f0fb4f02	redis@sha256:3b73847e72874be07e6657b129a94761662b79bc0f679273757d4218573b2a98
clickhouse	sha256:23ea2eb03548e5b746b202f0b1e27b16b2adc0fcccf75433b7028b21b179bab8	clickhouse/clickhouse-server@sha256:2ef11bbe2e44ab7022f37ff3019b3f2125ed09e919ea6194660be6130b7ca4b7
keycloak-postgres	sha256:9104a94e25680111c00d6c9ad5913129d2f45c1bc51b363db177d638c313392e	postgres@sha256:bb377b7239d2774ac8cc76f481596ce96c5a6b5e9d141f6d0a0ee371a6e7c0f2
prometheus	sha256:a3bc50fcb50fb1409287c32773d8fe799f6cad5511c4ba3e2e851784e7a05026	prom/prometheus@sha256:63805ebb8d2b3920190daf1cb14a60871b16fd38bed42b857a3182bc621f4996
grafana	sha256:8387f19108f986254ecb7eeb1124445a9aeda16602114d98348ed5cd49151a7a	grafana/grafana@sha256:6b5b37eb35bbf30e7f64bd7f0fd41c0a5b7637f65d3bf93223b04a192b8bf3e2
dcgm_exporter	sha256:fe4e503aaf3bacc3f85c1425b4650a08cb4445cfe69ee2cf68fbd7b93f8732e	nvidia/dcgm-exporter@sha256:a1d913783fd185d78ed8b725334f75adc86eb594afe82961a73aa63c5d0ef423
cadvisor	sha256:b2a3c8cd615323a3b01adc8efa11a0c1dd31abd64b6d679d467e6ef732031686	gcr.io/cadvisor/cadvisor@sha256:adc29827d88730174181e9fe221938323baa6ba8c5734c2ec52aa2e86a0c303e
node_exporter	sha256:0c6f6c1bdd47cbc06f11347daced99916dc4e6845a20b661db3d000fa1d21b82	prom/node-exporter@sha256:fa7fa12a57eff607176d5c363d8bb08dfbf636b36ac3cb5613a202f3c61a6631
loki	sha256:6a8de175ce0da6b0a8b9600ed4a14efb9c86bb522261006ff5948ce91f4b1524	grafana/loki@sha256:eb92f1a439171542fd718f929fad38c917b3cad15ec830ba4742e2ba5ab03313
promtail	sha256:6860eccd97258287c8d0cf0bd18a7bd9f2cfd1baa82b270e9cb99969286e961f	grafana/promtail@sha256:b338a29de45ef8ffa96f882f3a36306b1e61262b2a560ff523e0e2633cccbbc4
backup-helper	sha256:706db57fb2063f39f69632c5b5c9c439633fda35110e65587c5d85553fd1cc38	ssf-backup-helper:prod-e409a06
